{
  "requires": true,
  "lockfileVersion": 1,
  "dependencies": {
    "classnames": {
      "version": "2.3.3",
      "resolved": "https://registry.npmjs.org/classnames/-/classnames-2.3.3.tgz",
      "integrity": "sha512-1inzZmicIFcmUya7PGtUQeXtcF7zZpPnxtQoYOrz0uiOBGlLFa4ik4361seYL2JCcRDIyfdFHiwQolESFlw+Og=="
    }
  }
}
